
Microsoft Visual Studio Solution File, Format Version 12.00
# Visual Studio Version 17
VisualStudioVersion = 17.11.35312.102
MinimumVisualStudioVersion = 10.0.40219.1
Project("{FAE04EC0-301F-11D3-BF4B-00C04F79EFBC}") = "labmid(CCtask2)", "labmid(CCtask2)\labmid(CCtask2).csproj", "{456A72C3-99B7-42F3-B676-8C09959A0B4F}"
EndProject
Global
	GlobalSection(SolutionConfigurationPlatforms) = preSolution
		Debug|Any CPU = Debug|Any CPU
		Release|Any CPU = Release|Any CPU
	EndGlobalSection
	GlobalSection(ProjectConfigurationPlatforms) = postSolution
		{456A72C3-99B7-42F3-B676-8C09959A0B4F}.Debug|Any CPU.ActiveCfg = Debug|Any CPU
		{456A72C3-99B7-42F3-B676-8C09959A0B4F}.Debug|Any CPU.Build.0 = Debug|Any CPU
		{456A72C3-99B7-42F3-B676-8C09959A0B4F}.Release|Any CPU.ActiveCfg = Release|Any CPU
		{456A72C3-99B7-42F3-B676-8C09959A0B4F}.Release|Any CPU.Build.0 = Release|Any CPU
	EndGlobalSection
	GlobalSection(SolutionProperties) = preSolution
		HideSolutionNode = FALSE
	EndGlobalSection
	GlobalSection(ExtensibilityGlobals) = postSolution
		SolutionGuid = {9040BC8C-C699-4056-9ED5-BAF286EBF77C}
	EndGlobalSection
EndGlobal
